<?xml version="1.0" encoding="utf-8"?>
<Project ToolsVersion="4.0" xmlns="http://schemas.microsoft.com/developer/msbuild/2003">
  <ItemGroup>
    <Filter Include="main">
      <UniqueIdentifier>{04717dbc-29b4-4aa3-9355-d595be2254be}</UniqueIdentifier>
    </Filter>
    <Filter Include="thread">
      <UniqueIdentifier>{b033469e-139a-484e-99ab-207997bc9b60}</UniqueIdentifier>
    </Filter>
    <Filter Include="practiceCodes">
      <UniqueIdentifier>{13f4fff2-51c9-4128-99a6-797466f91859}</UniqueIdentifier>
    </Filter>
    <Filter Include="memory">
      <UniqueIdentifier>{9e6991a9-e50d-45bf-8bbc-4d4132c08686}</UniqueIdentifier>
    </Filter>
  </ItemGroup>
  <ItemGroup>
    <ClCompile Include="main.cpp">
      <Filter>main</Filter>
    </ClCompile>
    <ClCompile Include="RWLock.cpp">
      <Filter>thread</Filter>
    </ClCompile>
    <ClCompile Include="TLSvariables.cpp">
      <Filter>thread</Filter>
    </ClCompile>
    <ClCompile Include="FuturePractice.cpp">
      <Filter>practiceCodes</Filter>
    </ClCompile>
    <ClCompile Include="RWLockPractice.cpp">
      <Filter>practiceCodes</Filter>
    </ClCompile>
    <ClCompile Include="V_allocator.cpp">
      <Filter>memory</Filter>
    </ClCompile>
    <ClCompile Include="allocPractice.cpp">
      <Filter>practiceCodes</Filter>
    </ClCompile>
  </ItemGroup>
  <ItemGroup>
    <ClInclude Include="RWLock.h">
      <Filter>thread</Filter>
    </ClInclude>
    <ClInclude Include="TLSvariables.h">
      <Filter>thread</Filter>
    </ClInclude>
    <ClInclude Include="pch.h">
      <Filter>main</Filter>
    </ClInclude>
    <ClInclude Include="Macro.h">
      <Filter>main</Filter>
    </ClInclude>
    <ClInclude Include="FuturePractice.h">
      <Filter>practiceCodes</Filter>
    </ClInclude>
    <ClInclude Include="RWLockPractice.h">
      <Filter>practiceCodes</Filter>
    </ClInclude>
    <ClInclude Include="V_allocator.h">
      <Filter>memory</Filter>
    </ClInclude>
    <ClInclude Include="allocPractice.h">
      <Filter>practiceCodes</Filter>
    </ClInclude>
  </ItemGroup>
</Project>