<?xml version="1.0" encoding="utf-8"?>
<Project ToolsVersion="4.0" xmlns="http://schemas.microsoft.com/developer/msbuild/2003">
  <ItemGroup>
    <Filter Include="main">
      <UniqueIdentifier>{6b01ac68-9b3d-40b4-af87-60e9ff433407}</UniqueIdentifier>
    </Filter>
    <Filter Include="practiceCodes">
      <UniqueIdentifier>{93d36e6d-aae3-46a0-9412-710227d0f1d6}</UniqueIdentifier>
    </Filter>
    <Filter Include="PBfiles">
      <UniqueIdentifier>{5a6aa85c-5902-4414-9fc1-2d466f8a0c44}</UniqueIdentifier>
    </Filter>
  </ItemGroup>
  <ItemGroup>
    <ClCompile Include="Server.cpp">
      <Filter>main</Filter>
    </ClCompile>
    <ClCompile Include="pch.cpp">
      <Filter>main</Filter>
    </ClCompile>
    <ClCompile Include="serverSocketPractice1.cpp">
      <Filter>practiceCodes</Filter>
    </ClCompile>
    <ClCompile Include="serverSocketPractice2.cpp">
      <Filter>practiceCodes</Filter>
    </ClCompile>
    <ClCompile Include="ServiceWithIocp_Server.cpp">
      <Filter>practiceCodes</Filter>
    </ClCompile>
    <ClCompile Include="PB.pb.cc">
      <Filter>PBfiles</Filter>
    </ClCompile>
  </ItemGroup>
  <ItemGroup>
    <ClInclude Include="pch.h">
      <Filter>main</Filter>
    </ClInclude>
    <ClInclude Include="serverSocketPractice1.h">
      <Filter>practiceCodes</Filter>
    </ClInclude>
    <ClInclude Include="socketPractice.h">
      <Filter>practiceCodes</Filter>
    </ClInclude>
    <ClInclude Include="serverSocketPractice2.h">
      <Filter>practiceCodes</Filter>
    </ClInclude>
    <ClInclude Include="ServiceWithIocp_Server.h">
      <Filter>practiceCodes</Filter>
    </ClInclude>
    <ClInclude Include="PB.pb.h">
      <Filter>PBfiles</Filter>
    </ClInclude>
  </ItemGroup>
</Project>