
Microsoft Visual Studio Solution File, Format Version 12.00
# Visual Studio Version 16
VisualStudioVersion = 16.0.35425.106
MinimumVisualStudioVersion = 10.0.40219.1
Project("{8BC9CEB8-8B4A-11D0-8D11-00A0C91BC942}") = "MyServer", "MyServer\MyServer.vcxproj", "{C1E267DD-5A6B-4987-B322-59CCC1CEEF20}"
EndProject
Project("{8BC9CEB8-8B4A-11D0-8D11-00A0C91BC942}") = "MyClient", "MyClient\MyClient.vcxproj", "{3AA434CA-B6BA-4076-8785-8184DCCCD696}"
EndProject
Project("{8BC9CEB8-8B4A-11D0-8D11-00A0C91BC942}") = "MyLibraries", "MyLibraries\MyLibraries.vcxproj", "{2D683C03-C918-4550-888D-56650C662F17}"
EndProject
Project("{8BC9CEB8-8B4A-11D0-8D11-00A0C91BC942}") = "MultiThreadPractice", "MultiThreadPractice\MultiThreadPractice.vcxproj", "{FD8B1E2A-EE9D-4F0F-9F74-9D6569CEF4C0}"
EndProject
Project("{2150E333-8FDC-42A3-9474-1A3956D46DE8}") = "Tools", "Tools", "{66D3B808-9405-4349-B16A-287066DADAB6}"
EndProject
Project("{888888A0-9F3D-457C-B088-3A5042F75D52}") = "PBCompiler", "Tools\PBCompiler\PBCompiler\PBCompiler.pyproj", "{666189FC-AE0F-4964-9508-46CCE54DDC58}"
EndProject
Global
	GlobalSection(SolutionConfigurationPlatforms) = preSolution
		Debug|Any CPU = Debug|Any CPU
		Debug|x64 = Debug|x64
		Debug|x86 = Debug|x86
		Release|Any CPU = Release|Any CPU
		Release|x64 = Release|x64
		Release|x86 = Release|x86
	EndGlobalSection
	GlobalSection(ProjectConfigurationPlatforms) = postSolution
		{C1E267DD-5A6B-4987-B322-59CCC1CEEF20}.Debug|Any CPU.ActiveCfg = Debug|Win32
		{C1E267DD-5A6B-4987-B322-59CCC1CEEF20}.Debug|x64.ActiveCfg = Debug|x64
		{C1E267DD-5A6B-4987-B322-59CCC1CEEF20}.Debug|x64.Build.0 = Debug|x64
		{C1E267DD-5A6B-4987-B322-59CCC1CEEF20}.Debug|x86.ActiveCfg = Debug|Win32
		{C1E267DD-5A6B-4987-B322-59CCC1CEEF20}.Debug|x86.Build.0 = Debug|Win32
		{C1E267DD-5A6B-4987-B322-59CCC1CEEF20}.Release|Any CPU.ActiveCfg = Release|Win32
		{C1E267DD-5A6B-4987-B322-59CCC1CEEF20}.Release|x64.ActiveCfg = Release|x64
		{C1E267DD-5A6B-4987-B322-59CCC1CEEF20}.Release|x64.Build.0 = Release|x64
		{C1E267DD-5A6B-4987-B322-59CCC1CEEF20}.Release|x86.ActiveCfg = Release|Win32
		{C1E267DD-5A6B-4987-B322-59CCC1CEEF20}.Release|x86.Build.0 = Release|Win32
		{3AA434CA-B6BA-4076-8785-8184DCCCD696}.Debug|Any CPU.ActiveCfg = Debug|Win32
		{3AA434CA-B6BA-4076-8785-8184DCCCD696}.Debug|x64.ActiveCfg = Debug|x64
		{3AA434CA-B6BA-4076-8785-8184DCCCD696}.Debug|x64.Build.0 = Debug|x64
		{3AA434CA-B6BA-4076-8785-8184DCCCD696}.Debug|x86.ActiveCfg = Debug|Win32
		{3AA434CA-B6BA-4076-8785-8184DCCCD696}.Debug|x86.Build.0 = Debug|Win32
		{3AA434CA-B6BA-4076-8785-8184DCCCD696}.Release|Any CPU.ActiveCfg = Release|Win32
		{3AA434CA-B6BA-4076-8785-8184DCCCD696}.Release|x64.ActiveCfg = Release|x64
		{3AA434CA-B6BA-4076-8785-8184DCCCD696}.Release|x64.Build.0 = Release|x64
		{3AA434CA-B6BA-4076-8785-8184DCCCD696}.Release|x86.ActiveCfg = Release|Win32
		{3AA434CA-B6BA-4076-8785-8184DCCCD696}.Release|x86.Build.0 = Release|Win32
		{2D683C03-C918-4550-888D-56650C662F17}.Debug|Any CPU.ActiveCfg = Debug|Win32
		{2D683C03-C918-4550-888D-56650C662F17}.Debug|x64.ActiveCfg = Debug|x64
		{2D683C03-C918-4550-888D-56650C662F17}.Debug|x64.Build.0 = Debug|x64
		{2D683C03-C918-4550-888D-56650C662F17}.Debug|x86.ActiveCfg = Debug|Win32
		{2D683C03-C918-4550-888D-56650C662F17}.Debug|x86.Build.0 = Debug|Win32
		{2D683C03-C918-4550-888D-56650C662F17}.Release|Any CPU.ActiveCfg = Release|Win32
		{2D683C03-C918-4550-888D-56650C662F17}.Release|x64.ActiveCfg = Release|x64
		{2D683C03-C918-4550-888D-56650C662F17}.Release|x64.Build.0 = Release|x64
		{2D683C03-C918-4550-888D-56650C662F17}.Release|x86.ActiveCfg = Release|Win32
		{2D683C03-C918-4550-888D-56650C662F17}.Release|x86.Build.0 = Release|Win32
		{FD8B1E2A-EE9D-4F0F-9F74-9D6569CEF4C0}.Debug|Any CPU.ActiveCfg = Debug|Win32
		{FD8B1E2A-EE9D-4F0F-9F74-9D6569CEF4C0}.Debug|x64.ActiveCfg = Debug|x64
		{FD8B1E2A-EE9D-4F0F-9F74-9D6569CEF4C0}.Debug|x64.Build.0 = Debug|x64
		{FD8B1E2A-EE9D-4F0F-9F74-9D6569CEF4C0}.Debug|x86.ActiveCfg = Debug|Win32
		{FD8B1E2A-EE9D-4F0F-9F74-9D6569CEF4C0}.Debug|x86.Build.0 = Debug|Win32
		{FD8B1E2A-EE9D-4F0F-9F74-9D6569CEF4C0}.Release|Any CPU.ActiveCfg = Release|Win32
		{FD8B1E2A-EE9D-4F0F-9F74-9D6569CEF4C0}.Release|x64.ActiveCfg = Release|x64
		{FD8B1E2A-EE9D-4F0F-9F74-9D6569CEF4C0}.Release|x64.Build.0 = Release|x64
		{FD8B1E2A-EE9D-4F0F-9F74-9D6569CEF4C0}.Release|x86.ActiveCfg = Release|Win32
		{FD8B1E2A-EE9D-4F0F-9F74-9D6569CEF4C0}.Release|x86.Build.0 = Release|Win32
		{666189FC-AE0F-4964-9508-46CCE54DDC58}.Debug|Any CPU.ActiveCfg = Debug|Any CPU
		{666189FC-AE0F-4964-9508-46CCE54DDC58}.Debug|x64.ActiveCfg = Debug|Any CPU
		{666189FC-AE0F-4964-9508-46CCE54DDC58}.Debug|x86.ActiveCfg = Debug|Any CPU
		{666189FC-AE0F-4964-9508-46CCE54DDC58}.Release|Any CPU.ActiveCfg = Release|Any CPU
		{666189FC-AE0F-4964-9508-46CCE54DDC58}.Release|x64.ActiveCfg = Release|Any CPU
		{666189FC-AE0F-4964-9508-46CCE54DDC58}.Release|x86.ActiveCfg = Release|Any CPU
	EndGlobalSection
	GlobalSection(SolutionProperties) = preSolution
		HideSolutionNode = FALSE
	EndGlobalSection
	GlobalSection(NestedProjects) = preSolution
		{666189FC-AE0F-4964-9508-46CCE54DDC58} = {66D3B808-9405-4349-B16A-287066DADAB6}
	EndGlobalSection
	GlobalSection(ExtensibilityGlobals) = postSolution
		SolutionGuid = {80E874B6-8D9A-41A1-9EE9-DADF27890D53}
	EndGlobalSection
EndGlobal
